Microsoft Visual Studio Solution File, Format Version 9.00
# Visual Studio 2005
Project("{F184B08F-C81C-45F6-A57F-5ABD9991F28F}") = "cmc", "CMC\cmc.vbproj", "{1B3501CE-EEFF-45FB-9EED-2DFB5C8929B3}"
EndProject
Project("{F184B08F-C81C-45F6-A57F-5ABD9991F28F}") = "ad user manager", "admgmt\ad user manager.vbproj", "{AE8FAA50-2E56-4EBA-ADE6-A10FC2576ACC}"
EndProject
Project("{F184B08F-C81C-45F6-A57F-5ABD9991F28F}") = "performance monitor", "perfmonitor\performance monitor.vbproj", "{721EAF87-C559-480E-AE56-C4D7B1DD69CD}"
EndProject
Project("{F184B08F-C81C-45F6-A57F-5ABD9991F28F}") = "remoteregedit", "remoteregedit\remoteregedit.vbproj", "{BB7A28D1-A290-4630-96E1-FB4CDA45F486}"
EndProject
Project("{54435603-DBB4-11D2-8724-00A0C9A8B90C}") = "installer", "installer\CMCInstall.vdproj", "{55DEFBF1-2377-4B79-A6BF-5FBE019A3823}"
EndProject
Global
	GlobalSection(SolutionConfigurationPlatforms) = preSolution
		Debug|Any CPU = Debug|Any CPU
		Release|Any CPU = Release|Any CPU
	EndGlobalSection
	GlobalSection(ProjectConfigurationPlatforms) = postSolution
		{1B3501CE-EEFF-45FB-9EED-2DFB5C8929B3}.Debug|Any CPU.ActiveCfg = Debug|Any CPU
		{1B3501CE-EEFF-45FB-9EED-2DFB5C8929B3}.Debug|Any CPU.Build.0 = Debug|Any CPU
		{1B3501CE-EEFF-45FB-9EED-2DFB5C8929B3}.Release|Any CPU.ActiveCfg = Release|Any CPU
		{1B3501CE-EEFF-45FB-9EED-2DFB5C8929B3}.Release|Any CPU.Build.0 = Release|Any CPU
		{AE8FAA50-2E56-4EBA-ADE6-A10FC2576ACC}.Debug|Any CPU.ActiveCfg = Debug|Any CPU
		{AE8FAA50-2E56-4EBA-ADE6-A10FC2576ACC}.Debug|Any CPU.Build.0 = Debug|Any CPU
		{AE8FAA50-2E56-4EBA-ADE6-A10FC2576ACC}.Release|Any CPU.ActiveCfg = Release|Any CPU
		{AE8FAA50-2E56-4EBA-ADE6-A10FC2576ACC}.Release|Any CPU.Build.0 = Release|Any CPU
		{721EAF87-C559-480E-AE56-C4D7B1DD69CD}.Debug|Any CPU.ActiveCfg = Debug|Any CPU
		{721EAF87-C559-480E-AE56-C4D7B1DD69CD}.Debug|Any CPU.Build.0 = Debug|Any CPU
		{721EAF87-C559-480E-AE56-C4D7B1DD69CD}.Release|Any CPU.ActiveCfg = Release|Any CPU
		{721EAF87-C559-480E-AE56-C4D7B1DD69CD}.Release|Any CPU.Build.0 = Release|Any CPU
		{BB7A28D1-A290-4630-96E1-FB4CDA45F486}.Debug|Any CPU.ActiveCfg = Debug|Any CPU
		{BB7A28D1-A290-4630-96E1-FB4CDA45F486}.Debug|Any CPU.Build.0 = Debug|Any CPU
		{BB7A28D1-A290-4630-96E1-FB4CDA45F486}.Release|Any CPU.ActiveCfg = Release|Any CPU
		{BB7A28D1-A290-4630-96E1-FB4CDA45F486}.Release|Any CPU.Build.0 = Release|Any CPU
		{55DEFBF1-2377-4B79-A6BF-5FBE019A3823}.Debug|Any CPU.ActiveCfg = Debug
		{55DEFBF1-2377-4B79-A6BF-5FBE019A3823}.Debug|Any CPU.Build.0 = Debug
		{55DEFBF1-2377-4B79-A6BF-5FBE019A3823}.Release|Any CPU.ActiveCfg = Release
		{55DEFBF1-2377-4B79-A6BF-5FBE019A3823}.Release|Any CPU.Build.0 = Release
	EndGlobalSection
	GlobalSection(SolutionProperties) = preSolution
		HideSolutionNode = FALSE
	EndGlobalSection
EndGlobal
